{
  "name": "amplify",
  "lockfileVersion": 3,
  "requires": true,
  "packages": {
    "": {
      "dependencies": {
        "openai": "^6.9.1",
        "stripe": "^22.6.1"
      }
    },
    "node_modules/openai": {
      "version": "6.9.1",
      "resolved": "https://registry.npmjs.org/openai/-/openai-6.9.1.tgz",
      "integrity": "sha512-vQ5Rlt0ZgB3/BNmTa7bIijYFhz3YBceAA3Z4JuoMSBftBF9YqFHIEhZakSs+O/Ad7EaoEimZvHxD5ylRjN11Lg==",
      "license": "Apache-2.0",
      "bin": {
        "openai": "bin/cli"
      },
      "peerDependencies": {
        "ws": "^8.18.0",
        "zod": "^3.25 || ^4.0"
      },
      "peerDependenciesMeta": {
        "ws": {
          "optional": true
        },
        "zod": {
          "optional": true
        }
      }
    },
    "node_modules/stripe": {
      "version": "22.6.1",
      "resolved": "https://registry.npmjs.org/stripe/-/stripe-22.6.1.tgz",
      "integrity": "sha512-hAKSkGeVt2u46TRYhmnvwmVHxBNtOCJnPjc+SH5sP2B2ypElYzAAY3Ljx0Ar8C2w8nfpFQiZ95qoDCDsFkXMTA==",
      "license": "MIT",
      "engines": {
        "node": ">=18"
      },
      "peerDependencies": {
        "@types/node": ">=18"
      },
      "peerDependenciesMeta": {
        "@types/node": {
          "optional": true
        }
      }
    }
  }
}
